// !$*UTF8*$!
{
	archiveVersion = 1;
	classes = {
	};
	objectVersion = 55;
	objects = {

/* Begin PBXBuildFile section */
		27DB2D9628B8CE4D00297BD2 /* AppDelegate.swift in Sources */ = {isa = PBXBuildFile; fileRef = 27DB2D9528B8CE4D00297BD2 /* AppDelegate.swift */; };
		27DB2D9828B8CE4D00297BD2 /* SceneDelegate.swift in Sources */ = {isa = PBXBuildFile; fileRef = 27DB2D9728B8CE4D00297BD2 /* SceneDelegate.swift */; };
		27DB2D9A28B8CE4D00297BD2 /* ViewController.swift in Sources */ = {isa = PBXBuildFile; fileRef = 27DB2D9928B8CE4D00297BD2 /* ViewController.swift */; };
		27DB2D9D28B8CE4D00297BD2 /* Main.storyboard in Resources */ = {isa = PBXBuildFile; fileRef = 27DB2D9B28B8CE4D00297BD2 /* Main.storyboard */; };
		27DB2D9F28B8CE5000297BD2 /* Assets.xcassets in Resources */ = {isa = PBXBuildFile; fileRef = 27DB2D9E28B8CE5000297BD2 /* Assets.xcassets */; };
		27DB2DA228B8CE5000297BD2 /* LaunchScreen.storyboard in Resources */ = {isa = PBXBuildFile; fileRef = 27DB2DA028B8CE5000297BD2 /* LaunchScreen.storyboard */; };
		27DB2DAD28B8CE5000297BD2 /* igniteTestTests.swift in Sources */ = {isa = PBXBuildFile; fileRef = 27DB2DAC28B8CE5000297BD2 /* igniteTestTests.swift */; };
		27DB2DB728B8CE5100297BD2 /* igniteTestUITests.swift in Sources */ = {isa = PBXBuildFile; fileRef = 27DB2DB628B8CE5100297BD2 /* igniteTestUITests.swift */; };
		27DB2DB928B8CE5100297BD2 /* igniteTestUITestsLaunchTests.swift in Sources */ = {isa = PBXBuildFile; fileRef = 27DB2DB828B8CE5100297BD2 /* igniteTestUITestsLaunchTests.swift */; };
/* End PBXBuildFile section */

/* Begin PBXContainerItemProxy section */
		27DB2DA928B8CE5000297BD2 /* PBXContainerItemProxy */ = {
			isa = PBXContainerItemProxy;
			containerPortal = 27DB2D8A28B8CE4D00297BD2 /* Project object */;
			proxyType = 1;
			remoteGlobalIDString = 27DB2D9128B8CE4D00297BD2;
			remoteInfo = igniteTest;
		};
		27DB2DB328B8CE5100297BD2 /* PBXContainerItemProxy */ = {
			isa = PBXContainerItemProxy;
			containerPortal = 27DB2D8A28B8CE4D00297BD2 /* Project object */;
			proxyType = 1;
			remoteGlobalIDString = 27DB2D9128B8CE4D00297BD2;
			remoteInfo = igniteTest;
		};
/* End PBXContainerItemProxy section */

/* Begin PBXFileReference section */
		27DB2D9228B8CE4D00297BD2 /* igniteTest.app */ = {isa = PBXFileReference; explicitFileType = wrapper.application; includeInIndex = 0; path = igniteTest.app; sourceTree = BUILT_PRODUCTS_DIR; };
		27DB2D9528B8CE4D00297BD2 /* AppDelegate.swift */ = {isa = PBXFileReference; lastKnownFileType = sourcecode.swift; path = AppDelegate.swift; sourceTree = "<group>"; };
		27DB2D9728B8CE4D00297BD2 /* SceneDelegate.swift */ = {isa = PBXFileReference; lastKnownFileType = sourcecode.swift; path = SceneDelegate.swift; sourceTree = "<group>"; };
		27DB2D9928B8CE4D00297BD2 /* ViewController.swift */ = {isa = PBXFileReference; lastKnownFileType = sourcecode.swift; path = ViewController.swift; sourceTree = "<group>"; };
		27DB2D9C28B8CE4D00297BD2 /* Base */ = {isa = PBXFileReference; lastKnownFileType = file.storyboard; name = Base; path = Base.lproj/Main.storyboard; sourceTree = "<group>"; };
		27DB2D9E28B8CE5000297BD2 /* Assets.xcassets */ = {isa = PBXFileReference; lastKnownFileType = folder.assetcatalog; path = Assets.xcassets; sourceTree = "<group>"; };
		27DB2DA128B8CE5000297BD2 /* Base */ = {isa = PBXFileReference; lastKnownFileType = file.storyboard; name = Base; path = Base.lproj/LaunchScreen.storyboard; sourceTree = "<group>"; };
		27DB2DA328B8CE5000297BD2 /* Info.plist */ = {isa = PBXFileReference; lastKnownFileType = text.plist.xml; path = Info.plist; sourceTree = "<group>"; };
		27DB2DA828B8CE5000297BD2 /* igniteTestTests.xctest */ = {isa = PBXFileReference; explicitFileType = wrapper.cfbundle; includeInIndex = 0; path = igniteTestTests.xctest; sourceTree = BUILT_PRODUCTS_DIR; };
		27DB2DAC28B8CE5000297BD2 /* igniteTestTests.swift */ = {isa = PBXFileReference; lastKnownFileType = sourcecode.swift; path = igniteTestTests.swift; sourceTree = "<group>"; };
		27DB2DB228B8CE5000297BD2 /* igniteTestUITests.xctest */ = {isa = PBXFileReference; explicitFileType = wrapper.cfbundle; includeInIndex = 0; path = igniteTestUITests.xctest; sourceTree = BUILT_PRODUCTS_DIR; };
		27DB2DB628B8CE5100297BD2 /* igniteTestUITests.swift */ = {isa = PBXFileReference; lastKnownFileType = sourcecode.swift; path = igniteTestUITests.swift; sourceTree = "<group>"; };
		27DB2DB828B8CE5100297BD2 /* igniteTestUITestsLaunchTests.swift */ = {isa = PBXFileReference; lastKnownFileType = sourcecode.swift; path = igniteTestUITestsLaunchTests.swift; sourceTree = "<group>"; };
/* End PBXFileReference section */

/* Begin PBXFrameworksBuildPhase section */
		27DB2D8F28B8CE4D00297BD2 /* Frameworks */ = {
			isa = PBXFrameworksBuildPhase;
			buildActionMask = 2147483647;
			files = (
			);
			runOnlyForDeploymentPostprocessing = 0;
		};
		27DB2DA528B8CE5000297BD2 /* Frameworks */ = {
			isa = PBXFrameworksBuildPhase;
			buildActionMask = 2147483647;
			files = (
			);
			runOnlyForDeploymentPostprocessing = 0;
		};
		27DB2DAF28B8CE5000297BD2 /* Frameworks */ = {
			isa = PBXFrameworksBuildPhase;
			buildActionMask = 2147483647;
			files = (
			);
			runOnlyForDeploymentPostprocessing = 0;
		};
/* End PBXFrameworksBuildPhase section */

/* Begin PBXGroup section */
		27DB2D8928B8CE4D00297BD2 = {
			isa = PBXGroup;
			children = (
				27DB2D9428B8CE4D00297BD2 /* igniteTest */,
				27DB2DAB28B8CE5000297BD2 /* igniteTestTests */,
				27DB2DB528B8CE5100297BD2 /* igniteTestUITests */,
				27DB2D9328B8CE4D00297BD2 /* Products */,
			);
			sourceTree = "<group>";
		};
		27DB2D9328B8CE4D00297BD2 /* Products */ = {
			isa = PBXGroup;
			children = (
				27DB2D9228B8CE4D00297BD2 /* igniteTest.app */,
				27DB2DA828B8CE5000297BD2 /* igniteTestTests.xctest */,
				27DB2DB228B8CE5000297BD2 /* igniteTestUITests.xctest */,
			);
			name = Products;
			sourceTree = "<group>";
		};
		27DB2D9428B8CE4D00297BD2 /* igniteTest */ = {
			isa = PBXGroup;
			children = (
				27DB2D9528B8CE4D00297BD2 /* AppDelegate.swift */,
				27DB2D9728B8CE4D00297BD2 /* SceneDelegate.swift */,
				27DB2D9928B8CE4D00297BD2 /* ViewController.swift */,
				27DB2D9B28B8CE4D00297BD2 /* Main.storyboard */,
				27DB2D9E28B8CE5000297BD2 /* Assets.xcassets */,
				27DB2DA028B8CE5000297BD2 /* LaunchScreen.storyboard */,
				27DB2DA328B8CE5000297BD2 /* Info.plist */,
			);
			path = igniteTest;
			sourceTree = "<group>";
		};
		27DB2DAB28B8CE5000297BD2 /* igniteTestTests */ = {
			isa = PBXGroup;
			children = (
				27DB2DAC28B8CE5000297BD2 /* igniteTestTests.swift */,
			);
			path = igniteTestTests;
			sourceTree = "<group>";
		};
		27DB2DB528B8CE5100297BD2 /* igniteTestUITests */ = {
			isa = PBXGroup;
			children = (
				27DB2DB628B8CE5100297BD2 /* igniteTestUITests.swift */,
				27DB2DB828B8CE5100297BD2 /* igniteTestUITestsLaunchTests.swift */,
			);
			path = igniteTestUITests;
			sourceTree = "<group>";
		};
/* End PBXGroup section */

/* Begin PBXNativeTarget section */
		27DB2D9128B8CE4D00297BD2 /* igniteTest */ = {
			isa = PBXNativeTarget;
			buildConfigurationList = 27DB2DBC28B8CE5100297BD2 /* Build configuration list for PBXNativeTarget "igniteTest" */;
			buildPhases = (
				27DB2D8E28B8CE4D00297BD2 /* Sources */,
				27DB2D8F28B8CE4D00297BD2 /* Frameworks */,
				27DB2D9028B8CE4D00297BD2 /* Resources */,
			);
			buildRules = (
			);
			dependencies = (
			);
			name = igniteTest;
			productName = igniteTest;
			productReference = 27DB2D9228B8CE4D00297BD2 /* igniteTest.app */;
			productType = "com.apple.product-type.application";
		};
		27DB2DA728B8CE5000297BD2 /* igniteTestTests */ = {
			isa = PBXNativeTarget;
			buildConfigurationList = 27DB2DBF28B8CE5100297BD2 /* Build configuration list for PBXNativeTarget "igniteTestTests" */;
			buildPhases = (
				27DB2DA428B8CE5000297BD2 /* Sources */,
				27DB2DA528B8CE5000297BD2 /* Frameworks */,
				27DB2DA628B8CE5000297BD2 /* Resources */,
			);
			buildRules = (
			);
			dependencies = (
				27DB2DAA28B8CE5000297BD2 /* PBXTargetDependency */,
			);
			name = igniteTestTests;
			productName = igniteTestTests;
			productReference = 27DB2DA828B8CE5000297BD2 /* igniteTestTests.xctest */;
			productType = "com.apple.product-type.bundle.unit-test";
		};
		27DB2DB128B8CE5000297BD2 /* igniteTestUITests */ = {
			isa = PBXNativeTarget;
			buildConfigurationList = 27DB2DC228B8CE5100297BD2 /* Build configuration list for PBXNativeTarget "igniteTestUITests" */;
			buildPhases = (
				27DB2DAE28B8CE5000297BD2 /* Sources */,
				27DB2DAF28B8CE5000297BD2 /* Frameworks */,
				27DB2DB028B8CE5000297BD2 /* Resources */,
			);
			buildRules = (
			);
			dependencies = (
				27DB2DB428B8CE5100297BD2 /* PBXTargetDependency */,
			);
			name = igniteTestUITests;
			productName = igniteTestUITests;
			productReference = 27DB2DB228B8CE5000297BD2 /* igniteTestUITests.xctest */;
			productType = "com.apple.product-type.bundle.ui-testing";
		};
/* End PBXNativeTarget section */

/* Begin PBXProject section */
		27DB2D8A28B8CE4D00297BD2 /* Project object */ = {
			isa = PBXProject;
			attributes = {
				BuildIndependentTargetsInParallel = 1;
				LastSwiftUpdateCheck = 1320;
				LastUpgradeCheck = 1320;
				TargetAttributes = {
					27DB2D9128B8CE4D00297BD2 = {
						CreatedOnToolsVersion = 13.2.1;
					};
					27DB2DA728B8CE5000297BD2 = {
						CreatedOnToolsVersion = 13.2.1;
						TestTargetID = 27DB2D9128B8CE4D00297BD2;
					};
					27DB2DB128B8CE5000297BD2 = {
						CreatedOnToolsVersion = 13.2.1;
						TestTargetID = 27DB2D9128B8CE4D00297BD2;
					};
				};
			};
			buildConfigurationList = 27DB2D8D28B8CE4D00297BD2 /* Build configuration list for PBXProject "igniteTest" */;
			compatibilityVersion = "Xcode 13.0";
			developmentRegion = en;
			hasScannedForEncodings = 0;
			knownRegions = (
				en,
				Base,
			);
			mainGroup = 27DB2D8928B8CE4D00297BD2;
			productRefGroup = 27DB2D9328B8CE4D00297BD2 /* Products */;
			projectDirPath = "";
			projectRoot = "";
			targets = (
				27DB2D9128B8CE4D00297BD2 /* igniteTest */,
				27DB2DA728B8CE5000297BD2 /* igniteTestTests */,
				27DB2DB128B8CE5000297BD2 /* igniteTestUITests */,
			);
		};
/* End PBXProject section */

/* Begin PBXResourcesBuildPhase section */
		27DB2D9028B8CE4D00297BD2 /* Resources */ = {
			isa = PBXResourcesBuildPhase;
			buildActionMask = 2147483647;
			files = (
				27DB2DA228B8CE5000297BD2 /* LaunchScreen.storyboard in Resources */,
				27DB2D9F28B8CE5000297BD2 /* Assets.xcassets in Resources */,
				27DB2D9D28B8CE4D00297BD2 /* Main.storyboard in Resources */,
			);
			runOnlyForDeploymentPostprocessing = 0;
		};
		27DB2DA628B8CE5000297BD2 /* Resources */ = {
			isa = PBXResourcesBuildPhase;
			buildActionMask = 2147483647;
			files = (
			);
			runOnlyForDeploymentPostprocessing = 0;
		};
		27DB2DB028B8CE5000297BD2 /* Resources */ = {
			isa = PBXResourcesBuildPhase;
			buildActionMask = 2147483647;
			files = (
			);
			runOnlyForDeploymentPostprocessing = 0;
		};
/* End PBXResourcesBuildPhase section */

/* Begin PBXSourcesBuildPhase section */
		27DB2D8E28B8CE4D00297BD2 /* Sources */ = {
			isa = PBXSourcesBuildPhase;
			buildActionMask = 2147483647;
			files = (
				27DB2D9A28B8CE4D00297BD2 /* ViewController.swift in Sources */,
				27DB2D9628B8CE4D00297BD2 /* AppDelegate.swift in Sources */,
				27DB2D9828B8CE4D00297BD2 /* SceneDelegate.swift in Sources */,
			);
			runOnlyForDeploymentPostprocessing = 0;
		};
		27DB2DA428B8CE5000297BD2 /* Sources */ = {
			isa = PBXSourcesBuildPhase;
			buildActionMask = 2147483647;
			files = (
				27DB2DAD28B8CE5000297BD2 /* igniteTestTests.swift in Sources */,
			);
			runOnlyForDeploymentPostprocessing = 0;
		};
		27DB2DAE28B8CE5000297BD2 /* Sources */ = {
			isa = PBXSourcesBuildPhase;
			buildActionMask = 2147483647;
			files = (
				27DB2DB928B8CE5100297BD2 /* igniteTestUITestsLaunchTests.swift in Sources */,
				27DB2DB728B8CE5100297BD2 /* igniteTestUITests.swift in Sources */,
			);
			runOnlyForDeploymentPostprocessing = 0;
		};
/* End PBXSourcesBuildPhase section */

/* Begin PBXTargetDependency section */
		27DB2DAA28B8CE5000297BD2 /* PBXTargetDependency */ = {
			isa = PBXTargetDependency;
			target = 27DB2D9128B8CE4D00297BD2 /* igniteTest */;
			targetProxy = 27DB2DA928B8CE5000297BD2 /* PBXContainerItemProxy */;
		};
		27DB2DB428B8CE5100297BD2 /* PBXTargetDependency */ = {
			isa = PBXTargetDependency;
			target = 27DB2D9128B8CE4D00297BD2 /* igniteTest */;
			targetProxy = 27DB2DB328B8CE5100297BD2 /* PBXContainerItemProxy */;
		};
/* End PBXTargetDependency section */

/* Begin PBXVariantGroup section */
		27DB2D9B28B8CE4D00297BD2 /* Main.storyboard */ = {
			isa = PBXVariantGroup;
			children = (
				27DB2D9C28B8CE4D00297BD2 /* Base */,
			);
			name = Main.storyboard;
			sourceTree = "<group>";
		};
		27DB2DA028B8CE5000297BD2 /* LaunchScreen.storyboard */ = {
			isa = PBXVariantGroup;
			children = (
				27DB2DA128B8CE5000297BD2 /* Base */,
			);
			name = LaunchScreen.storyboard;
			sourceTree = "<group>";
		};
/* End PBXVariantGroup section */

/* Begin XCBuildConfiguration section */
		27DB2DBA28B8CE5100297BD2 /* Debug */ = {
			isa = XCBuildConfiguration;
			buildSettings = {
				ALWAYS_SEARCH_USER_PATHS = NO;
				CLANG_ANALYZER_NONNULL = YES;
				CLANG_ANALYZER_NUMBER_OBJECT_CONVERSION = YES_AGGRESSIVE;
				CLANG_CXX_LANGUAGE_STANDARD = "gnu++17";
				CLANG_CXX_LIBRARY = "libc++";
				CLANG_ENABLE_MODULES = YES;
				CLANG_ENABLE_OBJC_ARC = YES;
				CLANG_ENABLE_OBJC_WEAK = YES;
				CLANG_WARN_BLOCK_CAPTURE_AUTORELEASING = YES;
				CLANG_WARN_BOOL_CONVERSION = YES;
				CLANG_WARN_COMMA = YES;
				CLANG_WARN_CONSTANT_CONVERSION = YES;
				CLANG_WARN_DEPRECATED_OBJC_IMPLEMENTATIONS = YES;
				CLANG_WARN_DIRECT_OBJC_ISA_USAGE = YES_ERROR;
				CLANG_WARN_DOCUMENTATION_COMMENTS = YES;
				CLANG_WARN_EMPTY_BODY = YES;
				CLANG_WARN_ENUM_CONVERSION = YES;
				CLANG_WARN_INFINITE_RECURSION = YES;
				CLANG_WARN_INT_CONVERSION = YES;
				CLANG_WARN_NON_LITERAL_NULL_CONVERSION = YES;
				CLANG_WARN_OBJC_IMPLICIT_RETAIN_SELF = YES;
				CLANG_WARN_OBJC_LITERAL_CONVERSION = YES;
				CLANG_WARN_OBJC_ROOT_CLASS = YES_ERROR;
				CLANG_WARN_QUOTED_INCLUDE_IN_FRAMEWORK_HEADER = YES;
				CLANG_WARN_RANGE_LOOP_ANALYSIS = YES;
				CLANG_WARN_STRICT_PROTOTYPES = YES;
				CLANG_WARN_SUSPICIOUS_MOVE = YES;
				CLANG_WARN_UNGUARDED_AVAILABILITY = YES_AGGRESSIVE;
				CLANG_WARN_UNREACHABLE_CODE = YES;
				CLANG_WARN__DUPLICATE_METHOD_MATCH = YES;
				COPY_PHASE_STRIP = NO;
				DEBUG_INFORMATION_FORMAT = dwarf;
				ENABLE_STRICT_OBJC_MSGSEND = YES;
				ENABLE_TESTABILITY = YES;
				GCC_C_LANGUAGE_STANDARD = gnu11;
				GCC_DYNAMIC_NO_PIC = NO;
				GCC_NO_COMMON_BLOCKS = YES;
				GCC_OPTIMIZATION_LEVEL = 0;
				GCC_PREPROCESSOR_DEFINITIONS = (
					"DEBUG=1",
					"$(inherited)",
				);
				GCC_WARN_64_TO_32_BIT_CONVERSION = YES;
				GCC_WARN_ABOUT_RETURN_TYPE = YES_ERROR;
				GCC_WARN_UNDECLARED_SELECTOR = YES;
				GCC_WARN_UNINITIALIZED_AUTOS = YES_AGGRESSIVE;
				GCC_WARN_UNUSED_FUNCTION = YES;
				GCC_WARN_UNUSED_VARIABLE = YES;
				IPHONEOS_DEPLOYMENT_TARGET = 15.2;
				MTL_ENABLE_DEBUG_INFO = INCLUDE_SOURCE;
				MTL_FAST_MATH = YES;
				ONLY_ACTIVE_ARCH = YES;
				SDKROOT = iphoneos;
				SWIFT_ACTIVE_COMPILATION_CONDITIONS = DEBUG;
				SWIFT_OPTIMIZATION_LEVEL = "-Onone";
			};
			name = Debug;
		};
		27DB2DBB28B8CE5100297BD2 /* Release */ = {
			isa = XCBuildConfiguration;
			buildSettings = {
				ALWAYS_SEARCH_USER_PATHS = NO;
				CLANG_ANALYZER_NONNULL = YES;
				CLANG_ANALYZER_NUMBER_OBJECT_CONVERSION = YES_AGGRESSIVE;
				CLANG_CXX_LANGUAGE_STANDARD = "gnu++17";
				CLANG_CXX_LIBRARY = "libc++";
				CLANG_ENABLE_MODULES = YES;
				CLANG_ENABLE_OBJC_ARC = YES;
				CLANG_ENABLE_OBJC_WEAK = YES;
				CLANG_WARN_BLOCK_CAPTURE_AUTORELEASING = YES;
				CLANG_WARN_BOOL_CONVERSION = YES;
				CLANG_WARN_COMMA = YES;
				CLANG_WARN_CONSTANT_CONVERSION = YES;
				CLANG_WARN_DEPRECATED_OBJC_IMPLEMENTATIONS = YES;
				CLANG_WARN_DIRECT_OBJC_ISA_USAGE = YES_ERROR;
				CLANG_WARN_DOCUMENTATION_COMMENTS = YES;
				CLANG_WARN_EMPTY_BODY = YES;
				CLANG_WARN_ENUM_CONVERSION = YES;
				CLANG_WARN_INFINITE_RECURSION = YES;
				CLANG_WARN_INT_CONVERSION = YES;
				CLANG_WARN_NON_LITERAL_NULL_CONVERSION = YES;
				CLANG_WARN_OBJC_IMPLICIT_RETAIN_SELF = YES;
				CLANG_WARN_OBJC_LITERAL_CONVERSION = YES;
				CLANG_WARN_OBJC_ROOT_CLASS = YES_ERROR;
				CLANG_WARN_QUOTED_INCLUDE_IN_FRAMEWORK_HEADER = YES;
				CLANG_WARN_RANGE_LOOP_ANALYSIS = YES;
				CLANG_WARN_STRICT_PROTOTYPES = YES;
				CLANG_WARN_SUSPICIOUS_MOVE = YES;
				CLANG_WARN_UNGUARDED_AVAILABILITY = YES_AGGRESSIVE;
				CLANG_WARN_UNREACHABLE_CODE = YES;
				CLANG_WARN__DUPLICATE_METHOD_MATCH = YES;
				COPY_PHASE_STRIP = NO;
				DEBUG_INFORMATION_FORMAT = "dwarf-with-dsym";
				ENABLE_NS_ASSERTIONS = NO;
				ENABLE_STRICT_OBJC_MSGSEND = YES;
				GCC_C_LANGUAGE_STANDARD = gnu11;
				GCC_NO_COMMON_BLOCKS = YES;
				GCC_WARN_64_TO_32_BIT_CONVERSION = YES;
				GCC_WARN_ABOUT_RETURN_TYPE = YES_ERROR;
				GCC_WARN_UNDECLARED_SELECTOR = YES;
				GCC_WARN_UNINITIALIZED_AUTOS = YES_AGGRESSIVE;
				GCC_WARN_UNUSED_FUNCTION = YES;
				GCC_WARN_UNUSED_VARIABLE = YES;
				IPHONEOS_DEPLOYMENT_TARGET = 15.2;
				MTL_ENABLE_DEBUG_INFO = NO;
				MTL_FAST_MATH = YES;
				SDKROOT = iphoneos;
				SWIFT_COMPILATION_MODE = wholemodule;
				SWIFT_OPTIMIZATION_LEVEL = "-O";
				VALIDATE_PRODUCT = YES;
			};
			name = Release;
		};
		27DB2DBD28B8CE5100297BD2 /* Debug */ = {
			isa = XCBuildConfiguration;
			buildSettings = {
				ASSETCATALOG_COMPILER_APPICON_NAME = AppIcon;
				ASSETCATALOG_COMPILER_GLOBAL_ACCENT_COLOR_NAME = AccentColor;
				CODE_SIGN_STYLE = Automatic;
				CURRENT_PROJECT_VERSION = 1;
				DEVELOPMENT_TEAM = X8G67WWWAE;
				GENERATE_INFOPLIST_FILE = YES;
				INFOPLIST_FILE = igniteTest/Info.plist;
				INFOPLIST_KEY_UIApplicationSupportsIndirectInputEvents = YES;
				INFOPLIST_KEY_UILaunchStoryboardName = LaunchScreen;
				INFOPLIST_KEY_UIMainStoryboardFile = Main;
				INFOPLIST_KEY_UISupportedInterfaceOrientations_iPad = "UIInterfaceOrientationPortrait UIInterfaceOrientationPortraitUpsideDown UIInterfaceOrientationLandscapeLeft UIInterfaceOrientationLandscapeRight";
				INFOPLIST_KEY_UISupportedInterfaceOrientations_iPhone = "UIInterfaceOrientationPortrait UIInterfaceOrientationLandscapeLeft UIInterfaceOrientationLandscapeRight";
				LD_RUNPATH_SEARCH_PATHS = (
					"$(inherited)",
					"@executable_path/Frameworks",
				);
				MARKETING_VERSION = 1.0;
				PRODUCT_BUNDLE_IDENTIFIER = alibaba.igniteTest;
				PRODUCT_NAME = "$(TARGET_NAME)";
				SWIFT_EMIT_LOC_STRINGS = YES;
				SWIFT_VERSION = 5.0;
				TARGETED_DEVICE_FAMILY = "1,2";
			};
			name = Debug;
		};
		27DB2DBE28B8CE5100297BD2 /* Release */ = {
			isa = XCBuildConfiguration;
			buildSettings = {
				ASSETCATALOG_COMPILER_APPICON_NAME = AppIcon;
				ASSETCATALOG_COMPILER_GLOBAL_ACCENT_COLOR_NAME = AccentColor;
				CODE_SIGN_STYLE = Automatic;
				CURRENT_PROJECT_VERSION = 1;
				DEVELOPMENT_TEAM = X8G67WWWAE;
				GENERATE_INFOPLIST_FILE = YES;
				INFOPLIST_FILE = igniteTest/Info.plist;
				INFOPLIST_KEY_UIApplicationSupportsIndirectInputEvents = YES;
				INFOPLIST_KEY_UILaunchStoryboardName = LaunchScreen;
				INFOPLIST_KEY_UIMainStoryboardFile = Main;
				INFOPLIST_KEY_UISupportedInterfaceOrientations_iPad = "UIInterfaceOrientationPortrait UIInterfaceOrientationPortraitUpsideDown UIInterfaceOrientationLandscapeLeft UIInterfaceOrientationLandscapeRight";
				INFOPLIST_KEY_UISupportedInterfaceOrientations_iPhone = "UIInterfaceOrientationPortrait UIInterfaceOrientationLandscapeLeft UIInterfaceOrientationLandscapeRight";
				LD_RUNPATH_SEARCH_PATHS = (
					"$(inherited)",
					"@executable_path/Frameworks",
				);
				MARKETING_VERSION = 1.0;
				PRODUCT_BUNDLE_IDENTIFIER = alibaba.igniteTest;
				PRODUCT_NAME = "$(TARGET_NAME)";
				SWIFT_EMIT_LOC_STRINGS = YES;
				SWIFT_VERSION = 5.0;
				TARGETED_DEVICE_FAMILY = "1,2";
			};
			name = Release;
		};
		27DB2DC028B8CE5100297BD2 /* Debug */ = {
			isa = XCBuildConfiguration;
			buildSettings = {
				ALWAYS_EMBED_SWIFT_STANDARD_LIBRARIES = YES;
				BUNDLE_LOADER = "$(TEST_HOST)";
				CODE_SIGN_STYLE = Automatic;
				CURRENT_PROJECT_VERSION = 1;
				DEVELOPMENT_TEAM = X8G67WWWAE;
				GENERATE_INFOPLIST_FILE = YES;
				IPHONEOS_DEPLOYMENT_TARGET = 15.2;
				MARKETING_VERSION = 1.0;
				PRODUCT_BUNDLE_IDENTIFIER = alibaba.igniteTestTests;
				PRODUCT_NAME = "$(TARGET_NAME)";
				SWIFT_EMIT_LOC_STRINGS = NO;
				SWIFT_VERSION = 5.0;
				TARGETED_DEVICE_FAMILY = "1,2";
				TEST_HOST = "$(BUILT_PRODUCTS_DIR)/igniteTest.app/igniteTest";
			};
			name = Debug;
		};
		27DB2DC128B8CE5100297BD2 /* Release */ = {
			isa = XCBuildConfiguration;
			buildSettings = {
				ALWAYS_EMBED_SWIFT_STANDARD_LIBRARIES = YES;
				BUNDLE_LOADER = "$(TEST_HOST)";
				CODE_SIGN_STYLE = Automatic;
				CURRENT_PROJECT_VERSION = 1;
				DEVELOPMENT_TEAM = X8G67WWWAE;
				GENERATE_INFOPLIST_FILE = YES;
				IPHONEOS_DEPLOYMENT_TARGET = 15.2;
				MARKETING_VERSION = 1.0;
				PRODUCT_BUNDLE_IDENTIFIER = alibaba.igniteTestTests;
				PRODUCT_NAME = "$(TARGET_NAME)";
				SWIFT_EMIT_LOC_STRINGS = NO;
				SWIFT_VERSION = 5.0;
				TARGETED_DEVICE_FAMILY = "1,2";
				TEST_HOST = "$(BUILT_PRODUCTS_DIR)/igniteTest.app/igniteTest";
			};
			name = Release;
		};
		27DB2DC328B8CE5100297BD2 /* Debug */ = {
			isa = XCBuildConfiguration;
			buildSettings = {
				ALWAYS_EMBED_SWIFT_STANDARD_LIBRARIES = YES;
				CODE_SIGN_STYLE = Automatic;
				CURRENT_PROJECT_VERSION = 1;
				DEVELOPMENT_TEAM = X8G67WWWAE;
				GENERATE_INFOPLIST_FILE = YES;
				MARKETING_VERSION = 1.0;
				PRODUCT_BUNDLE_IDENTIFIER = alibaba.igniteTestUITests;
				PRODUCT_NAME = "$(TARGET_NAME)";
				SWIFT_EMIT_LOC_STRINGS = NO;
				SWIFT_VERSION = 5.0;
				TARGETED_DEVICE_FAMILY = "1,2";
				TEST_TARGET_NAME = igniteTest;
			};
			name = Debug;
		};
		27DB2DC428B8CE5100297BD2 /* Release */ = {
			isa = XCBuildConfiguration;
			buildSettings = {
				ALWAYS_EMBED_SWIFT_STANDARD_LIBRARIES = YES;
				CODE_SIGN_STYLE = Automatic;
				CURRENT_PROJECT_VERSION = 1;
				DEVELOPMENT_TEAM = X8G67WWWAE;
				GENERATE_INFOPLIST_FILE = YES;
				MARKETING_VERSION = 1.0;
				PRODUCT_BUNDLE_IDENTIFIER = alibaba.igniteTestUITests;
				PRODUCT_NAME = "$(TARGET_NAME)";
				SWIFT_EMIT_LOC_STRINGS = NO;
				SWIFT_VERSION = 5.0;
				TARGETED_DEVICE_FAMILY = "1,2";
				TEST_TARGET_NAME = igniteTest;
			};
			name = Release;
		};
/* End XCBuildConfiguration section */

/* Begin XCConfigurationList section */
		27DB2D8D28B8CE4D00297BD2 /* Build configuration list for PBXProject "igniteTest" */ = {
			isa = XCConfigurationList;
			buildConfigurations = (
				27DB2DBA28B8CE5100297BD2 /* Debug */,
				27DB2DBB28B8CE5100297BD2 /* Release */,
			);
			defaultConfigurationIsVisible = 0;
			defaultConfigurationName = Release;
		};
		27DB2DBC28B8CE5100297BD2 /* Build configuration list for PBXNativeTarget "igniteTest" */ = {
			isa = XCConfigurationList;
			buildConfigurations = (
				27DB2DBD28B8CE5100297BD2 /* Debug */,
				27DB2DBE28B8CE5100297BD2 /* Release */,
			);
			defaultConfigurationIsVisible = 0;
			defaultConfigurationName = Release;
		};
		27DB2DBF28B8CE5100297BD2 /* Build configuration list for PBXNativeTarget "igniteTestTests" */ = {
			isa = XCConfigurationList;
			buildConfigurations = (
				27DB2DC028B8CE5100297BD2 /* Debug */,
				27DB2DC128B8CE5100297BD2 /* Release */,
			);
			defaultConfigurationIsVisible = 0;
			defaultConfigurationName = Release;
		};
		27DB2DC228B8CE5100297BD2 /* Build configuration list for PBXNativeTarget "igniteTestUITests" */ = {
			isa = XCConfigurationList;
			buildConfigurations = (
				27DB2DC328B8CE5100297BD2 /* Debug */,
				27DB2DC428B8CE5100297BD2 /* Release */,
			);
			defaultConfigurationIsVisible = 0;
			defaultConfigurationName = Release;
		};
/* End XCConfigurationList section */
	};
	rootObject = 27DB2D8A28B8CE4D00297BD2 /* Project object */;
}
